// !$*UTF8*$!
{
	archiveVersion = 1;
	classes = {
	};
	objectVersion = 46;
	objects = {

/* Begin PBXBuildFile section */
		1C6589121A31BCC000FC260D /* main.m in Sources */ = {isa = PBXBuildFile; fileRef = 1C6589111A31BCC000FC260D /* main.m */; };
		1C6589151A31BCC000FC260D /* AppDelegate.m in Sources */ = {isa = PBXBuildFile; fileRef = 1C6589141A31BCC000FC260D /* AppDelegate.m */; };
		1C65891D1A31BCC000FC260D /* Images.xcassets in Resources */ = {isa = PBXBuildFile; fileRef = 1C65891C1A31BCC000FC260D /* Images.xcassets */; };
		1C6589201A31BCC000FC260D /* LaunchScreen.xib in Resources */ = {isa = PBXBuildFile; fileRef = 1C65891E1A31BCC000FC260D /* LaunchScreen.xib */; };
		1C65892C1A31BCC000FC260D /* BlocstagramTests.m in Sources */ = {isa = PBXBuildFile; fileRef = 1C65892B1A31BCC000FC260D /* BlocstagramTests.m */; };
		1C8D3FF51A31C40900E5DFEA /* 2.jpg in Resources */ = {isa = PBXBuildFile; fileRef = 1C8D3FEB1A31C40900E5DFEA /* 2.jpg */; };
		1C8D3FF61A31C40900E5DFEA /* 3.jpg in Resources */ = {isa = PBXBuildFile; fileRef = 1C8D3FEC1A31C40900E5DFEA /* 3.jpg */; };
		1C8D3FF71A31C40900E5DFEA /* 4.jpg in Resources */ = {isa = PBXBuildFile; fileRef = 1C8D3FED1A31C40900E5DFEA /* 4.jpg */; };
		1C8D3FF81A31C40900E5DFEA /* 5.jpg in Resources */ = {isa = PBXBuildFile; fileRef = 1C8D3FEE1A31C40900E5DFEA /* 5.jpg */; };
		1C8D3FF91A31C40900E5DFEA /* 6.jpg in Resources */ = {isa = PBXBuildFile; fileRef = 1C8D3FEF1A31C40900E5DFEA /* 6.jpg */; };
		1C8D3FFA1A31C40900E5DFEA /* 7.jpg in Resources */ = {isa = PBXBuildFile; fileRef = 1C8D3FF01A31C40900E5DFEA /* 7.jpg */; };
		1C8D3FFB1A31C40900E5DFEA /* 8.jpg in Resources */ = {isa = PBXBuildFile; fileRef = 1C8D3FF11A31C40900E5DFEA /* 8.jpg */; };
		1C8D3FFC1A31C40900E5DFEA /* 9.jpg in Resources */ = {isa = PBXBuildFile; fileRef = 1C8D3FF21A31C40900E5DFEA /* 9.jpg */; };
		1C8D3FFD1A31C40900E5DFEA /* 10.jpg in Resources */ = {isa = PBXBuildFile; fileRef = 1C8D3FF31A31C40900E5DFEA /* 10.jpg */; };
		1C8D40001A31C44600E5DFEA /* ImagesTableViewController.m in Sources */ = {isa = PBXBuildFile; fileRef = 1C8D3FFF1A31C44600E5DFEA /* ImagesTableViewController.m */; };
		1CA12F981A31CF05008CE95A /* 1.jpg in Resources */ = {isa = PBXBuildFile; fileRef = 1C8D3FEA1A31C40900E5DFEA /* 1.jpg */; };
		1CA12F9B1A31DC01008CE95A /* User.m in Sources */ = {isa = PBXBuildFile; fileRef = 1CA12F9A1A31DC01008CE95A /* User.m */; };
		1CA12F9E1A31DC52008CE95A /* Media.m in Sources */ = {isa = PBXBuildFile; fileRef = 1CA12F9D1A31DC52008CE95A /* Media.m */; };
		1CA12FA11A31DD44008CE95A /* Comment.m in Sources */ = {isa = PBXBuildFile; fileRef = 1CA12FA01A31DD44008CE95A /* Comment.m */; };
		1CA12FA41A31DDBC008CE95A /* DataSource.m in Sources */ = {isa = PBXBuildFile; fileRef = 1CA12FA31A31DDBC008CE95A /* DataSource.m */; };
/* End PBXBuildFile section */

/* Begin PBXContainerItemProxy section */
		1C6589261A31BCC000FC260D /* PBXContainerItemProxy */ = {
			isa = PBXContainerItemProxy;
			containerPortal = 1C6589041A31BCC000FC260D /* Project object */;
			proxyType = 1;
			remoteGlobalIDString = 1C65890B1A31BCC000FC260D;
			remoteInfo = Blocstagram;
		};
/* End PBXContainerItemProxy section */

/* Begin PBXFileReference section */
		1C65890C1A31BCC000FC260D /* Blocstagram.app */ = {isa = PBXFileReference; explicitFileType = wrapper.application; includeInIndex = 0; path = Blocstagram.app; sourceTree = BUILT_PRODUCTS_DIR; };
		1C6589101A31BCC000FC260D /* Info.plist */ = {isa = PBXFileReference; lastKnownFileType = text.plist.xml; path = Info.plist; sourceTree = "<group>"; };
		1C6589111A31BCC000FC260D /* main.m */ = {isa = PBXFileReference; lastKnownFileType = sourcecode.c.objc; path = main.m; sourceTree = "<group>"; };
		1C6589131A31BCC000FC260D /* AppDelegate.h */ = {isa = PBXFileReference; lastKnownFileType = sourcecode.c.h; path = AppDelegate.h; sourceTree = "<group>"; };
		1C6589141A31BCC000FC260D /* AppDelegate.m */ = {isa = PBXFileReference; lastKnownFileType = sourcecode.c.objc; path = AppDelegate.m; sourceTree = "<group>"; };
		1C65891C1A31BCC000FC260D /* Images.xcassets */ = {isa = PBXFileReference; lastKnownFileType = folder.assetcatalog; path = Images.xcassets; sourceTree = "<group>"; };
		1C65891F1A31BCC000FC260D /* Base */ = {isa = PBXFileReference; lastKnownFileType = file.xib; name = Base; path = Base.lproj/LaunchScreen.xib; sourceTree = "<group>"; };
		1C6589251A31BCC000FC260D /* BlocstagramTests.xctest */ = {isa = PBXFileReference; explicitFileType = wrapper.cfbundle; includeInIndex = 0; path = BlocstagramTests.xctest; sourceTree = BUILT_PRODUCTS_DIR; };
		1C65892A1A31BCC000FC260D /* Info.plist */ = {isa = PBXFileReference; lastKnownFileType = text.plist.xml; path = Info.plist; sourceTree = "<group>"; };
		1C65892B1A31BCC000FC260D /* BlocstagramTests.m */ = {isa = PBXFileReference; lastKnownFileType = sourcecode.c.objc; path = BlocstagramTests.m; sourceTree = "<group>"; };
		1C8D3FEA1A31C40900E5DFEA /* 1.jpg */ = {isa = PBXFileReference; lastKnownFileType = image.jpeg; path = 1.jpg; sourceTree = "<group>"; };
		1C8D3FEB1A31C40900E5DFEA /* 2.jpg */ = {isa = PBXFileReference; lastKnownFileType = image.jpeg; path = 2.jpg; sourceTree = "<group>"; };
		1C8D3FEC1A31C40900E5DFEA /* 3.jpg */ = {isa = PBXFileReference; lastKnownFileType = image.jpeg; path = 3.jpg; sourceTree = "<group>"; };
		1C8D3FED1A31C40900E5DFEA /* 4.jpg */ = {isa = PBXFileReference; lastKnownFileType = image.jpeg; path = 4.jpg; sourceTree = "<group>"; };
		1C8D3FEE1A31C40900E5DFEA /* 5.jpg */ = {isa = PBXFileReference; lastKnownFileType = image.jpeg; path = 5.jpg; sourceTree = "<group>"; };
		1C8D3FEF1A31C40900E5DFEA /* 6.jpg */ = {isa = PBXFileReference; lastKnownFileType = image.jpeg; path = 6.jpg; sourceTree = "<group>"; };
		1C8D3FF01A31C40900E5DFEA /* 7.jpg */ = {isa = PBXFileReference; lastKnownFileType = image.jpeg; path = 7.jpg; sourceTree = "<group>"; };
		1C8D3FF11A31C40900E5DFEA /* 8.jpg */ = {isa = PBXFileReference; lastKnownFileType = image.jpeg; path = 8.jpg; sourceTree = "<group>"; };
		1C8D3FF21A31C40900E5DFEA /* 9.jpg */ = {isa = PBXFileReference; lastKnownFileType = image.jpeg; path = 9.jpg; sourceTree = "<group>"; };
		1C8D3FF31A31C40900E5DFEA /* 10.jpg */ = {isa = PBXFileReference; lastKnownFileType = image.jpeg; path = 10.jpg; sourceTree = "<group>"; };
		1C8D3FFE1A31C44600E5DFEA /* ImagesTableViewController.h */ = {isa = PBXFileReference; fileEncoding = 4; lastKnownFileType = sourcecode.c.h; name = ImagesTableViewController.h; path = ../ImagesTableViewController.h; sourceTree = "<group>"; };
		1C8D3FFF1A31C44600E5DFEA /* ImagesTableViewController.m */ = {isa = PBXFileReference; fileEncoding = 4; lastKnownFileType = sourcecode.c.objc; name = ImagesTableViewController.m; path = ../ImagesTableViewController.m; sourceTree = "<group>"; };
		1CA12F991A31DC01008CE95A /* User.h */ = {isa = PBXFileReference; fileEncoding = 4; lastKnownFileType = sourcecode.c.h; path = User.h; sourceTree = "<group>"; };
		1CA12F9A1A31DC01008CE95A /* User.m */ = {isa = PBXFileReference; fileEncoding = 4; lastKnownFileType = sourcecode.c.objc; path = User.m; sourceTree = "<group>"; };
		1CA12F9C1A31DC52008CE95A /* Media.h */ = {isa = PBXFileReference; fileEncoding = 4; lastKnownFileType = sourcecode.c.h; path = Media.h; sourceTree = SOURCE_ROOT; };
		1CA12F9D1A31DC52008CE95A /* Media.m */ = {isa = PBXFileReference; fileEncoding = 4; lastKnownFileType = sourcecode.c.objc; path = Media.m; sourceTree = SOURCE_ROOT; };
		1CA12F9F1A31DD44008CE95A /* Comment.h */ = {isa = PBXFileReference; fileEncoding = 4; lastKnownFileType = sourcecode.c.h; path = Comment.h; sourceTree = SOURCE_ROOT; };
		1CA12FA01A31DD44008CE95A /* Comment.m */ = {isa = PBXFileReference; fileEncoding = 4; lastKnownFileType = sourcecode.c.objc; path = Comment.m; sourceTree = SOURCE_ROOT; };
		1CA12FA21A31DDBC008CE95A /* DataSource.h */ = {isa = PBXFileReference; fileEncoding = 4; lastKnownFileType = sourcecode.c.h; path = DataSource.h; sourceTree = SOURCE_ROOT; };
		1CA12FA31A31DDBC008CE95A /* DataSource.m */ = {isa = PBXFileReference; fileEncoding = 4; lastKnownFileType = sourcecode.c.objc; path = DataSource.m; sourceTree = SOURCE_ROOT; };
/* End PBXFileReference section */

/* Begin PBXFrameworksBuildPhase section */
		1C6589091A31BCC000FC260D /* Frameworks */ = {
			isa = PBXFrameworksBuildPhase;
			buildActionMask = 2147483647;
			files = (
			);
			runOnlyForDeploymentPostprocessing = 0;
		};
		1C6589221A31BCC000FC260D /* Frameworks */ = {
			isa = PBXFrameworksBuildPhase;
			buildActionMask = 2147483647;
			files = (
			);
			runOnlyForDeploymentPostprocessing = 0;
		};
/* End PBXFrameworksBuildPhase section */

/* Begin PBXGroup section */
		1C6589031A31BCC000FC260D = {
			isa = PBXGroup;
			children = (
				1CA12F991A31DC01008CE95A /* User.h */,
				1CA12F9A1A31DC01008CE95A /* User.m */,
				1C65890E1A31BCC000FC260D /* Blocstagram */,
				1C6589281A31BCC000FC260D /* BlocstagramTests */,
				1C65890D1A31BCC000FC260D /* Products */,
			);
			sourceTree = "<group>";
		};
		1C65890D1A31BCC000FC260D /* Products */ = {
			isa = PBXGroup;
			children = (
				1C65890C1A31BCC000FC260D /* Blocstagram.app */,
				1C6589251A31BCC000FC260D /* BlocstagramTests.xctest */,
			);
			name = Products;
			sourceTree = "<group>";
		};
		1C65890E1A31BCC000FC260D /* Blocstagram */ = {
			isa = PBXGroup;
			children = (
				1C8D3FE91A31C3E400E5DFEA /* Images */,
				1C6589131A31BCC000FC260D /* AppDelegate.h */,
				1C6589141A31BCC000FC260D /* AppDelegate.m */,
				1C65891C1A31BCC000FC260D /* Images.xcassets */,
				1C65891E1A31BCC000FC260D /* LaunchScreen.xib */,
				1C65890F1A31BCC000FC260D /* Supporting Files */,
				1CA12F9C1A31DC52008CE95A /* Media.h */,
				1CA12F9D1A31DC52008CE95A /* Media.m */,
				1CA12F9F1A31DD44008CE95A /* Comment.h */,
				1CA12FA01A31DD44008CE95A /* Comment.m */,
				1CA12FA21A31DDBC008CE95A /* DataSource.h */,
				1CA12FA31A31DDBC008CE95A /* DataSource.m */,
			);
			path = Blocstagram;
			sourceTree = "<group>";
		};
		1C65890F1A31BCC000FC260D /* Supporting Files */ = {
			isa = PBXGroup;
			children = (
				1C8D3FFE1A31C44600E5DFEA /* ImagesTableViewController.h */,
				1C8D3FFF1A31C44600E5DFEA /* ImagesTableViewController.m */,
				1C6589101A31BCC000FC260D /* Info.plist */,
				1C6589111A31BCC000FC260D /* main.m */,
			);
			name = "Supporting Files";
			sourceTree = "<group>";
		};
		1C6589281A31BCC000FC260D /* BlocstagramTests */ = {
			isa = PBXGroup;
			children = (
				1C65892B1A31BCC000FC260D /* BlocstagramTests.m */,
				1C6589291A31BCC000FC260D /* Supporting Files */,
			);
			path = BlocstagramTests;
			sourceTree = "<group>";
		};
		1C6589291A31BCC000FC260D /* Supporting Files */ = {
			isa = PBXGroup;
			children = (
				1C65892A1A31BCC000FC260D /* Info.plist */,
			);
			name = "Supporting Files";
			sourceTree = "<group>";
		};
		1C8D3FE91A31C3E400E5DFEA /* Images */ = {
			isa = PBXGroup;
			children = (
				1C8D3FEA1A31C40900E5DFEA /* 1.jpg */,
				1C8D3FEB1A31C40900E5DFEA /* 2.jpg */,
				1C8D3FEC1A31C40900E5DFEA /* 3.jpg */,
				1C8D3FED1A31C40900E5DFEA /* 4.jpg */,
				1C8D3FEE1A31C40900E5DFEA /* 5.jpg */,
				1C8D3FEF1A31C40900E5DFEA /* 6.jpg */,
				1C8D3FF01A31C40900E5DFEA /* 7.jpg */,
				1C8D3FF11A31C40900E5DFEA /* 8.jpg */,
				1C8D3FF21A31C40900E5DFEA /* 9.jpg */,
				1C8D3FF31A31C40900E5DFEA /* 10.jpg */,
			);
			name = Images;
			path = ..;
			sourceTree = "<group>";
		};
/* End PBXGroup section */

/* Begin PBXNativeTarget section */
		1C65890B1A31BCC000FC260D /* Blocstagram */ = {
			isa = PBXNativeTarget;
			buildConfigurationList = 1C65892F1A31BCC000FC260D /* Build configuration list for PBXNativeTarget "Blocstagram" */;
			buildPhases = (
				1C6589081A31BCC000FC260D /* Sources */,
				1C6589091A31BCC000FC260D /* Frameworks */,
				1C65890A1A31BCC000FC260D /* Resources */,
			);
			buildRules = (
			);
			dependencies = (
			);
			name = Blocstagram;
			productName = Blocstagram;
			productReference = 1C65890C1A31BCC000FC260D /* Blocstagram.app */;
			productType = "com.apple.product-type.application";
		};
		1C6589241A31BCC000FC260D /* BlocstagramTests */ = {
			isa = PBXNativeTarget;
			buildConfigurationList = 1C6589321A31BCC000FC260D /* Build configuration list for PBXNativeTarget "BlocstagramTests" */;
			buildPhases = (
				1C6589211A31BCC000FC260D /* Sources */,
				1C6589221A31BCC000FC260D /* Frameworks */,
				1C6589231A31BCC000FC260D /* Resources */,
			);
			buildRules = (
			);
			dependencies = (
				1C6589271A31BCC000FC260D /* PBXTargetDependency */,
			);
			name = BlocstagramTests;
			productName = BlocstagramTests;
			productReference = 1C6589251A31BCC000FC260D /* BlocstagramTests.xctest */;
			productType = "com.apple.product-type.bundle.unit-test";
		};
/* End PBXNativeTarget section */

/* Begin PBXProject section */
		1C6589041A31BCC000FC260D /* Project object */ = {
			isa = PBXProject;
			attributes = {
				LastUpgradeCheck = 0610;
				ORGANIZATIONNAME = "Rohan Khara";
				TargetAttributes = {
					1C65890B1A31BCC000FC260D = {
						CreatedOnToolsVersion = 6.1.1;
					};
					1C6589241A31BCC000FC260D = {
						CreatedOnToolsVersion = 6.1.1;
						TestTargetID = 1C65890B1A31BCC000FC260D;
					};
				};
			};
			buildConfigurationList = 1C6589071A31BCC000FC260D /* Build configuration list for PBXProject "Blocstagram" */;
			compatibilityVersion = "Xcode 3.2";
			developmentRegion = English;
			hasScannedForEncodings = 0;
			knownRegions = (
				en,
				Base,
			);
			mainGroup = 1C6589031A31BCC000FC260D;
			productRefGroup = 1C65890D1A31BCC000FC260D /* Products */;
			projectDirPath = "";
			projectRoot = "";
			targets = (
				1C65890B1A31BCC000FC260D /* Blocstagram */,
				1C6589241A31BCC000FC260D /* BlocstagramTests */,
			);
		};
/* End PBXProject section */

/* Begin PBXResourcesBuildPhase section */
		1C65890A1A31BCC000FC260D /* Resources */ = {
			isa = PBXResourcesBuildPhase;
			buildActionMask = 2147483647;
			files = (
				1C8D3FFC1A31C40900E5DFEA /* 9.jpg in Resources */,
				1C8D3FFB1A31C40900E5DFEA /* 8.jpg in Resources */,
				1C8D3FF71A31C40900E5DFEA /* 4.jpg in Resources */,
				1C8D3FF61A31C40900E5DFEA /* 3.jpg in Resources */,
				1C8D3FF91A31C40900E5DFEA /* 6.jpg in Resources */,
				1C6589201A31BCC000FC260D /* LaunchScreen.xib in Resources */,
				1C8D3FF81A31C40900E5DFEA /* 5.jpg in Resources */,
				1C8D3FFA1A31C40900E5DFEA /* 7.jpg in Resources */,
				1C8D3FF51A31C40900E5DFEA /* 2.jpg in Resources */,
				1CA12F981A31CF05008CE95A /* 1.jpg in Resources */,
				1C8D3FFD1A31C40900E5DFEA /* 10.jpg in Resources */,
				1C65891D1A31BCC000FC260D /* Images.xcassets in Resources */,
			);
			runOnlyForDeploymentPostprocessing = 0;
		};
		1C6589231A31BCC000FC260D /* Resources */ = {
			isa = PBXResourcesBuildPhase;
			buildActionMask = 2147483647;
			files = (
			);
			runOnlyForDeploymentPostprocessing = 0;
		};
/* End PBXResourcesBuildPhase section */

/* Begin PBXSourcesBuildPhase section */
		1C6589081A31BCC000FC260D /* Sources */ = {
			isa = PBXSourcesBuildPhase;
			buildActionMask = 2147483647;
			files = (
				1CA12F9B1A31DC01008CE95A /* User.m in Sources */,
				1CA12FA11A31DD44008CE95A /* Comment.m in Sources */,
				1CA12F9E1A31DC52008CE95A /* Media.m in Sources */,
				1C8D40001A31C44600E5DFEA /* ImagesTableViewController.m in Sources */,
				1CA12FA41A31DDBC008CE95A /* DataSource.m in Sources */,
				1C6589151A31BCC000FC260D /* AppDelegate.m in Sources */,
				1C6589121A31BCC000FC260D /* main.m in Sources */,
			);
			runOnlyForDeploymentPostprocessing = 0;
		};
		1C6589211A31BCC000FC260D /* Sources */ = {
			isa = PBXSourcesBuildPhase;
			buildActionMask = 2147483647;
			files = (
				1C65892C1A31BCC000FC260D /* BlocstagramTests.m in Sources */,
			);
			runOnlyForDeploymentPostprocessing = 0;
		};
/* End PBXSourcesBuildPhase section */

/* Begin PBXTargetDependency section */
		1C6589271A31BCC000FC260D /* PBXTargetDependency */ = {
			isa = PBXTargetDependency;
			target = 1C65890B1A31BCC000FC260D /* Blocstagram */;
			targetProxy = 1C6589261A31BCC000FC260D /* PBXContainerItemProxy */;
		};
/* End PBXTargetDependency section */

/* Begin PBXVariantGroup section */
		1C65891E1A31BCC000FC260D /* LaunchScreen.xib */ = {
			isa = PBXVariantGroup;
			children = (
				1C65891F1A31BCC000FC260D /* Base */,
			);
			name = LaunchScreen.xib;
			sourceTree = "<group>";
		};
/* End PBXVariantGroup section */

/* Begin XCBuildConfiguration section */
		1C65892D1A31BCC000FC260D /* Debug */ = {
			isa = XCBuildConfiguration;
			buildSettings = {
				ALWAYS_SEARCH_USER_PATHS = NO;
				CLANG_CXX_LANGUAGE_STANDARD = "gnu++0x";
				CLANG_CXX_LIBRARY = "libc++";
				CLANG_ENABLE_MODULES = YES;
				CLANG_ENABLE_OBJC_ARC = YES;
				CLANG_WARN_BOOL_CONVERSION = YES;
				CLANG_WARN_CONSTANT_CONVERSION = YES;
				CLANG_WARN_DIRECT_OBJC_ISA_USAGE = YES_ERROR;
				CLANG_WARN_EMPTY_BODY = YES;
				CLANG_WARN_ENUM_CONVERSION = YES;
				CLANG_WARN_INT_CONVERSION = YES;
				CLANG_WARN_OBJC_ROOT_CLASS = YES_ERROR;
				CLANG_WARN_UNREACHABLE_CODE = YES;
				CLANG_WARN__DUPLICATE_METHOD_MATCH = YES;
				"CODE_SIGN_IDENTITY[sdk=iphoneos*]" = "iPhone Developer";
				COPY_PHASE_STRIP = NO;
				ENABLE_STRICT_OBJC_MSGSEND = YES;
				GCC_C_LANGUAGE_STANDARD = gnu99;
				GCC_DYNAMIC_NO_PIC = NO;
				GCC_OPTIMIZATION_LEVEL = 0;
				GCC_PREPROCESSOR_DEFINITIONS = (
					"DEBUG=1",
					"$(inherited)",
				);
				GCC_SYMBOLS_PRIVATE_EXTERN = NO;
				GCC_WARN_64_TO_32_BIT_CONVERSION = YES;
				GCC_WARN_ABOUT_RETURN_TYPE = YES_ERROR;
				GCC_WARN_UNDECLARED_SELECTOR = YES;
				GCC_WARN_UNINITIALIZED_AUTOS = YES_AGGRESSIVE;
				GCC_WARN_UNUSED_FUNCTION = YES;
				GCC_WARN_UNUSED_VARIABLE = YES;
				IPHONEOS_DEPLOYMENT_TARGET = 8.1;
				MTL_ENABLE_DEBUG_INFO = YES;
				ONLY_ACTIVE_ARCH = YES;
				SDKROOT = iphoneos;
				TARGETED_DEVICE_FAMILY = "1,2";
			};
			name = Debug;
		};
		1C65892E1A31BCC000FC260D /* Release */ = {
			isa = XCBuildConfiguration;
			buildSettings = {
				ALWAYS_SEARCH_USER_PATHS = NO;
				CLANG_CXX_LANGUAGE_STANDARD = "gnu++0x";
				CLANG_CXX_LIBRARY = "libc++";
				CLANG_ENABLE_MODULES = YES;
				CLANG_ENABLE_OBJC_ARC = YES;
				CLANG_WARN_BOOL_CONVERSION = YES;
				CLANG_WARN_CONSTANT_CONVERSION = YES;
				CLANG_WARN_DIRECT_OBJC_ISA_USAGE = YES_ERROR;
				CLANG_WARN_EMPTY_BODY = YES;
				CLANG_WARN_ENUM_CONVERSION = YES;
				CLANG_WARN_INT_CONVERSION = YES;
				CLANG_WARN_OBJC_ROOT_CLASS = YES_ERROR;
				CLANG_WARN_UNREACHABLE_CODE = YES;
				CLANG_WARN__DUPLICATE_METHOD_MATCH = YES;
				"CODE_SIGN_IDENTITY[sdk=iphoneos*]" = "iPhone Developer";
				COPY_PHASE_STRIP = YES;
				ENABLE_NS_ASSERTIONS = NO;
				ENABLE_STRICT_OBJC_MSGSEND = YES;
				GCC_C_LANGUAGE_STANDARD = gnu99;
				GCC_WARN_64_TO_32_BIT_CONVERSION = YES;
				GCC_WARN_ABOUT_RETURN_TYPE = YES_ERROR;
				GCC_WARN_UNDECLARED_SELECTOR = YES;
				GCC_WARN_UNINITIALIZED_AUTOS = YES_AGGRESSIVE;
				GCC_WARN_UNUSED_FUNCTION = YES;
				GCC_WARN_UNUSED_VARIABLE = YES;
				IPHONEOS_DEPLOYMENT_TARGET = 8.1;
				MTL_ENABLE_DEBUG_INFO = NO;
				SDKROOT = iphoneos;
				TARGETED_DEVICE_FAMILY = "1,2";
				VALIDATE_PRODUCT = YES;
			};
			name = Release;
		};
		1C6589301A31BCC000FC260D /* Debug */ = {
			isa = XCBuildConfiguration;
			buildSettings = {
				ASSETCATALOG_COMPILER_APPICON_NAME = AppIcon;
				INFOPLIST_FILE = Blocstagram/Info.plist;
				LD_RUNPATH_SEARCH_PATHS = "$(inherited) @executable_path/Frameworks";
				PRODUCT_NAME = "$(TARGET_NAME)";
			};
			name = Debug;
		};
		1C6589311A31BCC000FC260D /* Release */ = {
			isa = XCBuildConfiguration;
			buildSettings = {
				ASSETCATALOG_COMPILER_APPICON_NAME = AppIcon;
				INFOPLIST_FILE = Blocstagram/Info.plist;
				LD_RUNPATH_SEARCH_PATHS = "$(inherited) @executable_path/Frameworks";
				PRODUCT_NAME = "$(TARGET_NAME)";
			};
			name = Release;
		};
		1C6589331A31BCC000FC260D /* Debug */ = {
			isa = XCBuildConfiguration;
			buildSettings = {
				BUNDLE_LOADER = "$(TEST_HOST)";
				FRAMEWORK_SEARCH_PATHS = (
					"$(SDKROOT)/Developer/Library/Frameworks",
					"$(inherited)",
				);
				GCC_PREPROCESSOR_DEFINITIONS = (
					"DEBUG=1",
					"$(inherited)",
				);
				INFOPLIST_FILE = BlocstagramTests/Info.plist;
				LD_RUNPATH_SEARCH_PATHS = "$(inherited) @executable_path/Frameworks @loader_path/Frameworks";
				PRODUCT_NAME = "$(TARGET_NAME)";
				TEST_HOST = "$(BUILT_PRODUCTS_DIR)/Blocstagram.app/Blocstagram";
			};
			name = Debug;
		};
		1C6589341A31BCC000FC260D /* Release */ = {
			isa = XCBuildConfiguration;
			buildSettings = {
				BUNDLE_LOADER = "$(TEST_HOST)";
				FRAMEWORK_SEARCH_PATHS = (
					"$(SDKROOT)/Developer/Library/Frameworks",
					"$(inherited)",
				);
				INFOPLIST_FILE = BlocstagramTests/Info.plist;
				LD_RUNPATH_SEARCH_PATHS = "$(inherited) @executable_path/Frameworks @loader_path/Frameworks";
				PRODUCT_NAME = "$(TARGET_NAME)";
				TEST_HOST = "$(BUILT_PRODUCTS_DIR)/Blocstagram.app/Blocstagram";
			};
			name = Release;
		};
/* End XCBuildConfiguration section */

/* Begin XCConfigurationList section */
		1C6589071A31BCC000FC260D /* Build configuration list for PBXProject "Blocstagram" */ = {
			isa = XCConfigurationList;
			buildConfigurations = (
				1C65892D1A31BCC000FC260D /* Debug */,
				1C65892E1A31BCC000FC260D /* Release */,
			);
			defaultConfigurationIsVisible = 0;
			defaultConfigurationName = Release;
		};
		1C65892F1A31BCC000FC260D /* Build configuration list for PBXNativeTarget "Blocstagram" */ = {
			isa = XCConfigurationList;
			buildConfigurations = (
				1C6589301A31BCC000FC260D /* Debug */,
				1C6589311A31BCC000FC260D /* Release */,
			);
			defaultConfigurationIsVisible = 0;
			defaultConfigurationName = Release;
		};
		1C6589321A31BCC000FC260D /* Build configuration list for PBXNativeTarget "BlocstagramTests" */ = {
			isa = XCConfigurationList;
			buildConfigurations = (
				1C6589331A31BCC000FC260D /* Debug */,
				1C6589341A31BCC000FC260D /* Release */,
			);
			defaultConfigurationIsVisible = 0;
			defaultConfigurationName = Release;
		};
/* End XCConfigurationList section */
	};
	rootObject = 1C6589041A31BCC000FC260D /* Project object */;
}
